
Microsoft Visual Studio Solution File, Format Version 12.00
# Visual Studio Version 17
VisualStudioVersion = 17.0.31903.59
MinimumVisualStudioVersion = 10.0.40219.1
Project("{2150E333-8FDC-42A3-9474-1A3956D46DE8}") = "src", "src", "{827E0CD3-B72D-47B6-A68D-7590B98EB39B}"
EndProject
Project("{2150E333-8FDC-42A3-9474-1A3956D46DE8}") = "Api", "Api", "{81034408-37C8-1011-444E-4C15C2FADA8E}"
EndProject
Project("{FAE04EC0-301F-11D3-BF4B-00C04F79EFBC}") = "Slotify.Api", "src\Api\Slotify.Api.csproj", "{49601839-F356-4297-A63B-8A49C9F370E8}"
EndProject
Project("{2150E333-8FDC-42A3-9474-1A3956D46DE8}") = "Application", "Application", "{22BAF98C-8415-17C4-B26A-D537657BC863}"
EndProject
Project("{FAE04EC0-301F-11D3-BF4B-00C04F79EFBC}") = "Slotify.Application", "src\Application\Slotify.Application.csproj", "{F9A4126F-E0AC-4D9F-BE72-BE84D293F815}"
EndProject
Project("{2150E333-8FDC-42A3-9474-1A3956D46DE8}") = "Infrastructure", "Infrastructure", "{9048EB7F-3875-A59E-E36B-5BD4C6F2A282}"
EndProject
Project("{FAE04EC0-301F-11D3-BF4B-00C04F79EFBC}") = "Slotify.Infrastructure", "src\Infrastructure\Slotify.Infrastructure.csproj", "{B556D191-22F0-4118-B656-ACB4E488AD15}"
EndProject
Project("{2150E333-8FDC-42A3-9474-1A3956D46DE8}") = "Domain", "Domain", "{8B290487-4C16-E85E-E807-F579CBE9FC4D}"
EndProject
Project("{FAE04EC0-301F-11D3-BF4B-00C04F79EFBC}") = "Slotify.Domain", "src\Domain\Slotify.Domain.csproj", "{BB09835E-3AE3-42E5-952F-AFA36E2E69C7}"
EndProject
Global
	GlobalSection(SolutionConfigurationPlatforms) = preSolution
		Debug|Any CPU = Debug|Any CPU
		Debug|x64 = Debug|x64
		Debug|x86 = Debug|x86
		Release|Any CPU = Release|Any CPU
		Release|x64 = Release|x64
		Release|x86 = Release|x86
	EndGlobalSection
	GlobalSection(ProjectConfigurationPlatforms) = postSolution
		{49601839-F356-4297-A63B-8A49C9F370E8}.Debug|Any CPU.ActiveCfg = Debug|Any CPU
		{49601839-F356-4297-A63B-8A49C9F370E8}.Debug|Any CPU.Build.0 = Debug|Any CPU
		{49601839-F356-4297-A63B-8A49C9F370E8}.Debug|x64.ActiveCfg = Debug|Any CPU
		{49601839-F356-4297-A63B-8A49C9F370E8}.Debug|x64.Build.0 = Debug|Any CPU
		{49601839-F356-4297-A63B-8A49C9F370E8}.Debug|x86.ActiveCfg = Debug|Any CPU
		{49601839-F356-4297-A63B-8A49C9F370E8}.Debug|x86.Build.0 = Debug|Any CPU
		{49601839-F356-4297-A63B-8A49C9F370E8}.Release|Any CPU.ActiveCfg = Release|Any CPU
		{49601839-F356-4297-A63B-8A49C9F370E8}.Release|Any CPU.Build.0 = Release|Any CPU
		{49601839-F356-4297-A63B-8A49C9F370E8}.Release|x64.ActiveCfg = Release|Any CPU
		{49601839-F356-4297-A63B-8A49C9F370E8}.Release|x64.Build.0 = Release|Any CPU
		{49601839-F356-4297-A63B-8A49C9F370E8}.Release|x86.ActiveCfg = Release|Any CPU
		{49601839-F356-4297-A63B-8A49C9F370E8}.Release|x86.Build.0 = Release|Any CPU
		{F9A4126F-E0AC-4D9F-BE72-BE84D293F815}.Debug|Any CPU.ActiveCfg = Debug|Any CPU
		{F9A4126F-E0AC-4D9F-BE72-BE84D293F815}.Debug|Any CPU.Build.0 = Debug|Any CPU
		{F9A4126F-E0AC-4D9F-BE72-BE84D293F815}.Debug|x64.ActiveCfg = Debug|Any CPU
		{F9A4126F-E0AC-4D9F-BE72-BE84D293F815}.Debug|x64.Build.0 = Debug|Any CPU
		{F9A4126F-E0AC-4D9F-BE72-BE84D293F815}.Debug|x86.ActiveCfg = Debug|Any CPU
		{F9A4126F-E0AC-4D9F-BE72-BE84D293F815}.Debug|x86.Build.0 = Debug|Any CPU
		{F9A4126F-E0AC-4D9F-BE72-BE84D293F815}.Release|Any CPU.ActiveCfg = Release|Any CPU
		{F9A4126F-E0AC-4D9F-BE72-BE84D293F815}.Release|Any CPU.Build.0 = Release|Any CPU
		{F9A4126F-E0AC-4D9F-BE72-BE84D293F815}.Release|x64.ActiveCfg = Release|Any CPU
		{F9A4126F-E0AC-4D9F-BE72-BE84D293F815}.Release|x64.Build.0 = Release|Any CPU
		{F9A4126F-E0AC-4D9F-BE72-BE84D293F815}.Release|x86.ActiveCfg = Release|Any CPU
		{F9A4126F-E0AC-4D9F-BE72-BE84D293F815}.Release|x86.Build.0 = Release|Any CPU
		{B556D191-22F0-4118-B656-ACB4E488AD15}.Debug|Any CPU.ActiveCfg = Debug|Any CPU
		{B556D191-22F0-4118-B656-ACB4E488AD15}.Debug|Any CPU.Build.0 = Debug|Any CPU
		{B556D191-22F0-4118-B656-ACB4E488AD15}.Debug|x64.ActiveCfg = Debug|Any CPU
		{B556D191-22F0-4118-B656-ACB4E488AD15}.Debug|x64.Build.0 = Debug|Any CPU
		{B556D191-22F0-4118-B656-ACB4E488AD15}.Debug|x86.ActiveCfg = Debug|Any CPU
		{B556D191-22F0-4118-B656-ACB4E488AD15}.Debug|x86.Build.0 = Debug|Any CPU
		{B556D191-22F0-4118-B656-ACB4E488AD15}.Release|Any CPU.ActiveCfg = Release|Any CPU
		{B556D191-22F0-4118-B656-ACB4E488AD15}.Release|Any CPU.Build.0 = Release|Any CPU
		{B556D191-22F0-4118-B656-ACB4E488AD15}.Release|x64.ActiveCfg = Release|Any CPU
		{B556D191-22F0-4118-B656-ACB4E488AD15}.Release|x64.Build.0 = Release|Any CPU
		{B556D191-22F0-4118-B656-ACB4E488AD15}.Release|x86.ActiveCfg = Release|Any CPU
		{B556D191-22F0-4118-B656-ACB4E488AD15}.Release|x86.Build.0 = Release|Any CPU
		{BB09835E-3AE3-42E5-952F-AFA36E2E69C7}.Debug|Any CPU.ActiveCfg = Debug|Any CPU
		{BB09835E-3AE3-42E5-952F-AFA36E2E69C7}.Debug|Any CPU.Build.0 = Debug|Any CPU
		{BB09835E-3AE3-42E5-952F-AFA36E2E69C7}.Debug|x64.ActiveCfg = Debug|Any CPU
		{BB09835E-3AE3-42E5-952F-AFA36E2E69C7}.Debug|x64.Build.0 = Debug|Any CPU
		{BB09835E-3AE3-42E5-952F-AFA36E2E69C7}.Debug|x86.ActiveCfg = Debug|Any CPU
		{BB09835E-3AE3-42E5-952F-AFA36E2E69C7}.Debug|x86.Build.0 = Debug|Any CPU
		{BB09835E-3AE3-42E5-952F-AFA36E2E69C7}.Release|Any CPU.ActiveCfg = Release|Any CPU
		{BB09835E-3AE3-42E5-952F-AFA36E2E69C7}.Release|Any CPU.Build.0 = Release|Any CPU
		{BB09835E-3AE3-42E5-952F-AFA36E2E69C7}.Release|x64.ActiveCfg = Release|Any CPU
		{BB09835E-3AE3-42E5-952F-AFA36E2E69C7}.Release|x64.Build.0 = Release|Any CPU
		{BB09835E-3AE3-42E5-952F-AFA36E2E69C7}.Release|x86.ActiveCfg = Release|Any CPU
		{BB09835E-3AE3-42E5-952F-AFA36E2E69C7}.Release|x86.Build.0 = Release|Any CPU
	EndGlobalSection
	GlobalSection(SolutionProperties) = preSolution
		HideSolutionNode = FALSE
	EndGlobalSection
	GlobalSection(NestedProjects) = preSolution
		{81034408-37C8-1011-444E-4C15C2FADA8E} = {827E0CD3-B72D-47B6-A68D-7590B98EB39B}
		{49601839-F356-4297-A63B-8A49C9F370E8} = {81034408-37C8-1011-444E-4C15C2FADA8E}
		{22BAF98C-8415-17C4-B26A-D537657BC863} = {827E0CD3-B72D-47B6-A68D-7590B98EB39B}
		{F9A4126F-E0AC-4D9F-BE72-BE84D293F815} = {22BAF98C-8415-17C4-B26A-D537657BC863}
		{9048EB7F-3875-A59E-E36B-5BD4C6F2A282} = {827E0CD3-B72D-47B6-A68D-7590B98EB39B}
		{B556D191-22F0-4118-B656-ACB4E488AD15} = {9048EB7F-3875-A59E-E36B-5BD4C6F2A282}
		{8B290487-4C16-E85E-E807-F579CBE9FC4D} = {827E0CD3-B72D-47B6-A68D-7590B98EB39B}
		{BB09835E-3AE3-42E5-952F-AFA36E2E69C7} = {8B290487-4C16-E85E-E807-F579CBE9FC4D}
	EndGlobalSection
EndGlobal
